
Microsoft Visual Studio Solution File, Format Version 12.00
# Visual Studio Version 16
VisualStudioVersion = 16.0.29920.165
MinimumVisualStudioVersion = 10.0.40219.1
Project("{FAE04EC0-301F-11D3-BF4B-00C04F79EFBC}") = "WjlForm", "WjlForm.csproj", "{1E5855E3-DA94-408A-9F45-6FC9593EFC51}"
EndProject
Project("{FAE04EC0-301F-11D3-BF4B-00C04F79EFBC}") = "EmailClient.Bll", "..\EmailClient.BLL\EmailClient.Bll.csproj", "{9910AC03-2E3F-4F73-8FC9-91F0DCD46A58}"
EndProject
Project("{FAE04EC0-301F-11D3-BF4B-00C04F79EFBC}") = "EmailClient.Dal", "..\EmailClient.Dal\EmailClient.Dal.csproj", "{7C866CE7-D642-4217-8139-E146705E5339}"
EndProject
Project("{FAE04EC0-301F-11D3-BF4B-00C04F79EFBC}") = "EmailClient.Model", "..\EmailClient.Model\EmailClient.Model.csproj", "{A47E698D-83E2-46F9-840B-BC071CCB086F}"
EndProject
Project("{FAE04EC0-301F-11D3-BF4B-00C04F79EFBC}") = "EmailClient.Common", "..\EmailClient.Common\EmailClient.Common.csproj", "{73E20E52-47B8-4B10-BAAB-EBB6433D83BA}"
EndProject
Global
	GlobalSection(SolutionConfigurationPlatforms) = preSolution
		Debug|Any CPU = Debug|Any CPU
		Release|Any CPU = Release|Any CPU
	EndGlobalSection
	GlobalSection(ProjectConfigurationPlatforms) = postSolution
		{1E5855E3-DA94-408A-9F45-6FC9593EFC51}.Debug|Any CPU.ActiveCfg = Debug|Any CPU
		{1E5855E3-DA94-408A-9F45-6FC9593EFC51}.Debug|Any CPU.Build.0 = Debug|Any CPU
		{1E5855E3-DA94-408A-9F45-6FC9593EFC51}.Release|Any CPU.ActiveCfg = Release|Any CPU
		{1E5855E3-DA94-408A-9F45-6FC9593EFC51}.Release|Any CPU.Build.0 = Release|Any CPU
		{9910AC03-2E3F-4F73-8FC9-91F0DCD46A58}.Debug|Any CPU.ActiveCfg = Debug|Any CPU
		{9910AC03-2E3F-4F73-8FC9-91F0DCD46A58}.Debug|Any CPU.Build.0 = Debug|Any CPU
		{9910AC03-2E3F-4F73-8FC9-91F0DCD46A58}.Release|Any CPU.ActiveCfg = Release|Any CPU
		{9910AC03-2E3F-4F73-8FC9-91F0DCD46A58}.Release|Any CPU.Build.0 = Release|Any CPU
		{7C866CE7-D642-4217-8139-E146705E5339}.Debug|Any CPU.ActiveCfg = Debug|Any CPU
		{7C866CE7-D642-4217-8139-E146705E5339}.Debug|Any CPU.Build.0 = Debug|Any CPU
		{7C866CE7-D642-4217-8139-E146705E5339}.Release|Any CPU.ActiveCfg = Release|Any CPU
		{7C866CE7-D642-4217-8139-E146705E5339}.Release|Any CPU.Build.0 = Release|Any CPU
		{A47E698D-83E2-46F9-840B-BC071CCB086F}.Debug|Any CPU.ActiveCfg = Debug|Any CPU
		{A47E698D-83E2-46F9-840B-BC071CCB086F}.Debug|Any CPU.Build.0 = Debug|Any CPU
		{A47E698D-83E2-46F9-840B-BC071CCB086F}.Release|Any CPU.ActiveCfg = Release|Any CPU
		{A47E698D-83E2-46F9-840B-BC071CCB086F}.Release|Any CPU.Build.0 = Release|Any CPU
		{73E20E52-47B8-4B10-BAAB-EBB6433D83BA}.Debug|Any CPU.ActiveCfg = Debug|Any CPU
		{73E20E52-47B8-4B10-BAAB-EBB6433D83BA}.Debug|Any CPU.Build.0 = Debug|Any CPU
		{73E20E52-47B8-4B10-BAAB-EBB6433D83BA}.Release|Any CPU.ActiveCfg = Release|Any CPU
		{73E20E52-47B8-4B10-BAAB-EBB6433D83BA}.Release|Any CPU.Build.0 = Release|Any CPU
	EndGlobalSection
	GlobalSection(SolutionProperties) = preSolution
		HideSolutionNode = FALSE
	EndGlobalSection
	GlobalSection(ExtensibilityGlobals) = postSolution
		SolutionGuid = {FBEFB5A3-0DBC-4EB9-B93B-27D955A56455}
	EndGlobalSection
EndGlobal
